
Microsoft Visual Studio Solution File, Format Version 12.00
# Visual Studio 15
VisualStudioVersion = 15.0.27130.2010
MinimumVisualStudioVersion = 10.0.40219.1
Project("{8BC9CEB8-8B4A-11D0-8D11-00A0C91BC942}") = "1929", "1929\1929.vcxproj", "{30228EA4-AF2E-4F99-A5D0-A25FF463FFBD}"
EndProject
Global
	GlobalSection(SolutionConfigurationPlatforms) = preSolution
		Debug|x64 = Debug|x64
		Debug|x86 = Debug|x86
		Release|x64 = Release|x64
		Release|x86 = Release|x86
	EndGlobalSection
	GlobalSection(ProjectConfigurationPlatforms) = postSolution
		{30228EA4-AF2E-4F99-A5D0-A25FF463FFBD}.Debug|x64.ActiveCfg = Debug|x64
		{30228EA4-AF2E-4F99-A5D0-A25FF463FFBD}.Debug|x64.Build.0 = Debug|x64
		{30228EA4-AF2E-4F99-A5D0-A25FF463FFBD}.Debug|x86.ActiveCfg = Debug|Win32
		{30228EA4-AF2E-4F99-A5D0-A25FF463FFBD}.Debug|x86.Build.0 = Debug|Win32
		{30228EA4-AF2E-4F99-A5D0-A25FF463FFBD}.Release|x64.ActiveCfg = Release|x64
		{30228EA4-AF2E-4F99-A5D0-A25FF463FFBD}.Release|x64.Build.0 = Release|x64
		{30228EA4-AF2E-4F99-A5D0-A25FF463FFBD}.Release|x86.ActiveCfg = Release|Win32
		{30228EA4-AF2E-4F99-A5D0-A25FF463FFBD}.Release|x86.Build.0 = Release|Win32
	EndGlobalSection
	GlobalSection(SolutionProperties) = preSolution
		HideSolutionNode = FALSE
	EndGlobalSection
	GlobalSection(ExtensibilityGlobals) = postSolution
		SolutionGuid = {03D2496C-81A1-42CE-95D3-1EC5694018F6}
	EndGlobalSection
EndGlobal
