
Microsoft Visual Studio Solution File, Format Version 12.00
# Visual Studio 15
VisualStudioVersion = 15.0.27130.2010
MinimumVisualStudioVersion = 10.0.40219.1
Project("{8BC9CEB8-8B4A-11D0-8D11-00A0C91BC942}") = "20180910_OpenSW_HW2", "20180910_OpenSW_HW2\20180910_OpenSW_HW2.vcxproj", "{FC9CD68A-74FE-435A-AF2B-FFE310407EFC}"
EndProject
Global
	GlobalSection(SolutionConfigurationPlatforms) = preSolution
		Debug|x64 = Debug|x64
		Debug|x86 = Debug|x86
		Release|x64 = Release|x64
		Release|x86 = Release|x86
	EndGlobalSection
	GlobalSection(ProjectConfigurationPlatforms) = postSolution
		{FC9CD68A-74FE-435A-AF2B-FFE310407EFC}.Debug|x64.ActiveCfg = Debug|x64
		{FC9CD68A-74FE-435A-AF2B-FFE310407EFC}.Debug|x64.Build.0 = Debug|x64
		{FC9CD68A-74FE-435A-AF2B-FFE310407EFC}.Debug|x86.ActiveCfg = Debug|Win32
		{FC9CD68A-74FE-435A-AF2B-FFE310407EFC}.Debug|x86.Build.0 = Debug|Win32
		{FC9CD68A-74FE-435A-AF2B-FFE310407EFC}.Release|x64.ActiveCfg = Release|x64
		{FC9CD68A-74FE-435A-AF2B-FFE310407EFC}.Release|x64.Build.0 = Release|x64
		{FC9CD68A-74FE-435A-AF2B-FFE310407EFC}.Release|x86.ActiveCfg = Release|Win32
		{FC9CD68A-74FE-435A-AF2B-FFE310407EFC}.Release|x86.Build.0 = Release|Win32
	EndGlobalSection
	GlobalSection(SolutionProperties) = preSolution
		HideSolutionNode = FALSE
	EndGlobalSection
	GlobalSection(ExtensibilityGlobals) = postSolution
		SolutionGuid = {8EC0B0C4-0DEF-4BEA-BB32-164E076E2A3F}
	EndGlobalSection
EndGlobal
